// !$*UTF8*$!
{
	archiveVersion = 1;
	classes = {
	};
	objectVersion = 50;
	objects = {

/* Begin PBXBuildFile section */
		BEB610AC244AFC0C000B2294 /* AppDelegate.m in Sources */ = {isa = PBXBuildFile; fileRef = BEB610AB244AFC0C000B2294 /* AppDelegate.m */; };
		BEB610AF244AFC0C000B2294 /* SceneDelegate.m in Sources */ = {isa = PBXBuildFile; fileRef = BEB610AE244AFC0C000B2294 /* SceneDelegate.m */; };
		BEB610B2244AFC0C000B2294 /* ViewController.m in Sources */ = {isa = PBXBuildFile; fileRef = BEB610B1244AFC0C000B2294 /* ViewController.m */; };
		BEB610B5244AFC0C000B2294 /* Main.storyboard in Resources */ = {isa = PBXBuildFile; fileRef = BEB610B3244AFC0C000B2294 /* Main.storyboard */; };
		BEB610B7244AFC10000B2294 /* Assets.xcassets in Resources */ = {isa = PBXBuildFile; fileRef = BEB610B6244AFC10000B2294 /* Assets.xcassets */; };
		BEB610BA244AFC10000B2294 /* LaunchScreen.storyboard in Resources */ = {isa = PBXBuildFile; fileRef = BEB610B8244AFC10000B2294 /* LaunchScreen.storyboard */; };
		BEB610BD244AFC10000B2294 /* main.m in Sources */ = {isa = PBXBuildFile; fileRef = BEB610BC244AFC10000B2294 /* main.m */; };
		BEB610C7244AFC10000B2294 /* GSHexinTests.m in Sources */ = {isa = PBXBuildFile; fileRef = BEB610C6244AFC10000B2294 /* GSHexinTests.m */; };
		BEB610D2244AFC10000B2294 /* GSHexinUITests.m in Sources */ = {isa = PBXBuildFile; fileRef = BEB610D1244AFC10000B2294 /* GSHexinUITests.m */; };
/* End PBXBuildFile section */

/* Begin PBXContainerItemProxy section */
		BEB610C3244AFC10000B2294 /* PBXContainerItemProxy */ = {
			isa = PBXContainerItemProxy;
			containerPortal = BEB6109F244AFC0C000B2294 /* Project object */;
			proxyType = 1;
			remoteGlobalIDString = BEB610A6244AFC0C000B2294;
			remoteInfo = GSHexin;
		};
		BEB610CE244AFC10000B2294 /* PBXContainerItemProxy */ = {
			isa = PBXContainerItemProxy;
			containerPortal = BEB6109F244AFC0C000B2294 /* Project object */;
			proxyType = 1;
			remoteGlobalIDString = BEB610A6244AFC0C000B2294;
			remoteInfo = GSHexin;
		};
/* End PBXContainerItemProxy section */

/* Begin PBXFileReference section */
		BEB610A7244AFC0C000B2294 /* GSHexin.app */ = {isa = PBXFileReference; explicitFileType = wrapper.application; includeInIndex = 0; path = GSHexin.app; sourceTree = BUILT_PRODUCTS_DIR; };
		BEB610AA244AFC0C000B2294 /* AppDelegate.h */ = {isa = PBXFileReference; lastKnownFileType = sourcecode.c.h; path = AppDelegate.h; sourceTree = "<group>"; };
		BEB610AB244AFC0C000B2294 /* AppDelegate.m */ = {isa = PBXFileReference; lastKnownFileType = sourcecode.c.objc; path = AppDelegate.m; sourceTree = "<group>"; };
		BEB610AD244AFC0C000B2294 /* SceneDelegate.h */ = {isa = PBXFileReference; lastKnownFileType = sourcecode.c.h; path = SceneDelegate.h; sourceTree = "<group>"; };
		BEB610AE244AFC0C000B2294 /* SceneDelegate.m */ = {isa = PBXFileReference; lastKnownFileType = sourcecode.c.objc; path = SceneDelegate.m; sourceTree = "<group>"; };
		BEB610B0244AFC0C000B2294 /* ViewController.h */ = {isa = PBXFileReference; lastKnownFileType = sourcecode.c.h; path = ViewController.h; sourceTree = "<group>"; };
		BEB610B1244AFC0C000B2294 /* ViewController.m */ = {isa = PBXFileReference; lastKnownFileType = sourcecode.c.objc; path = ViewController.m; sourceTree = "<group>"; };
		BEB610B4244AFC0C000B2294 /* Base */ = {isa = PBXFileReference; lastKnownFileType = file.storyboard; name = Base; path = Base.lproj/Main.storyboard; sourceTree = "<group>"; };
		BEB610B6244AFC10000B2294 /* Assets.xcassets */ = {isa = PBXFileReference; lastKnownFileType = folder.assetcatalog; path = Assets.xcassets; sourceTree = "<group>"; };
		BEB610B9244AFC10000B2294 /* Base */ = {isa = PBXFileReference; lastKnownFileType = file.storyboard; name = Base; path = Base.lproj/LaunchScreen.storyboard; sourceTree = "<group>"; };
		BEB610BB244AFC10000B2294 /* Info.plist */ = {isa = PBXFileReference; lastKnownFileType = text.plist.xml; path = Info.plist; sourceTree = "<group>"; };
		BEB610BC244AFC10000B2294 /* main.m */ = {isa = PBXFileReference; lastKnownFileType = sourcecode.c.objc; path = main.m; sourceTree = "<group>"; };
		BEB610C2244AFC10000B2294 /* GSHexinTests.xctest */ = {isa = PBXFileReference; explicitFileType = wrapper.cfbundle; includeInIndex = 0; path = GSHexinTests.xctest; sourceTree = BUILT_PRODUCTS_DIR; };
		BEB610C6244AFC10000B2294 /* GSHexinTests.m */ = {isa = PBXFileReference; lastKnownFileType = sourcecode.c.objc; path = GSHexinTests.m; sourceTree = "<group>"; };
		BEB610C8244AFC10000B2294 /* Info.plist */ = {isa = PBXFileReference; lastKnownFileType = text.plist.xml; path = Info.plist; sourceTree = "<group>"; };
		BEB610CD244AFC10000B2294 /* GSHexinUITests.xctest */ = {isa = PBXFileReference; explicitFileType = wrapper.cfbundle; includeInIndex = 0; path = GSHexinUITests.xctest; sourceTree = BUILT_PRODUCTS_DIR; };
		BEB610D1244AFC10000B2294 /* GSHexinUITests.m */ = {isa = PBXFileReference; lastKnownFileType = sourcecode.c.objc; path = GSHexinUITests.m; sourceTree = "<group>"; };
		BEB610D3244AFC10000B2294 /* Info.plist */ = {isa = PBXFileReference; lastKnownFileType = text.plist.xml; path = Info.plist; sourceTree = "<group>"; };
/* End PBXFileReference section */

/* Begin PBXFrameworksBuildPhase section */
		BEB610A4244AFC0C000B2294 /* Frameworks */ = {
			isa = PBXFrameworksBuildPhase;
			buildActionMask = 2147483647;
			files = (
			);
			runOnlyForDeploymentPostprocessing = 0;
		};
		BEB610BF244AFC10000B2294 /* Frameworks */ = {
			isa = PBXFrameworksBuildPhase;
			buildActionMask = 2147483647;
			files = (
			);
			runOnlyForDeploymentPostprocessing = 0;
		};
		BEB610CA244AFC10000B2294 /* Frameworks */ = {
			isa = PBXFrameworksBuildPhase;
			buildActionMask = 2147483647;
			files = (
			);
			runOnlyForDeploymentPostprocessing = 0;
		};
/* End PBXFrameworksBuildPhase section */

/* Begin PBXGroup section */
		BEB6109E244AFC0C000B2294 = {
			isa = PBXGroup;
			children = (
				BEB610A9244AFC0C000B2294 /* GSHexin */,
				BEB610C5244AFC10000B2294 /* GSHexinTests */,
				BEB610D0244AFC10000B2294 /* GSHexinUITests */,
				BEB610A8244AFC0C000B2294 /* Products */,
			);
			sourceTree = "<group>";
		};
		BEB610A8244AFC0C000B2294 /* Products */ = {
			isa = PBXGroup;
			children = (
				BEB610A7244AFC0C000B2294 /* GSHexin.app */,
				BEB610C2244AFC10000B2294 /* GSHexinTests.xctest */,
				BEB610CD244AFC10000B2294 /* GSHexinUITests.xctest */,
			);
			name = Products;
			sourceTree = "<group>";
		};
		BEB610A9244AFC0C000B2294 /* GSHexin */ = {
			isa = PBXGroup;
			children = (
				BEB610AA244AFC0C000B2294 /* AppDelegate.h */,
				BEB610AB244AFC0C000B2294 /* AppDelegate.m */,
				BEB610AD244AFC0C000B2294 /* SceneDelegate.h */,
				BEB610AE244AFC0C000B2294 /* SceneDelegate.m */,
				BEB610B0244AFC0C000B2294 /* ViewController.h */,
				BEB610B1244AFC0C000B2294 /* ViewController.m */,
				BEB610B3244AFC0C000B2294 /* Main.storyboard */,
				BEB610B6244AFC10000B2294 /* Assets.xcassets */,
				BEB610B8244AFC10000B2294 /* LaunchScreen.storyboard */,
				BEB610BB244AFC10000B2294 /* Info.plist */,
				BEB610BC244AFC10000B2294 /* main.m */,
			);
			path = GSHexin;
			sourceTree = "<group>";
		};
		BEB610C5244AFC10000B2294 /* GSHexinTests */ = {
			isa = PBXGroup;
			children = (
				BEB610C6244AFC10000B2294 /* GSHexinTests.m */,
				BEB610C8244AFC10000B2294 /* Info.plist */,
			);
			path = GSHexinTests;
			sourceTree = "<group>";
		};
		BEB610D0244AFC10000B2294 /* GSHexinUITests */ = {
			isa = PBXGroup;
			children = (
				BEB610D1244AFC10000B2294 /* GSHexinUITests.m */,
				BEB610D3244AFC10000B2294 /* Info.plist */,
			);
			path = GSHexinUITests;
			sourceTree = "<group>";
		};
/* End PBXGroup section */

/* Begin PBXNativeTarget section */
		BEB610A6244AFC0C000B2294 /* GSHexin */ = {
			isa = PBXNativeTarget;
			buildConfigurationList = BEB610D6244AFC10000B2294 /* Build configuration list for PBXNativeTarget "GSHexin" */;
			buildPhases = (
				BEB610A3244AFC0C000B2294 /* Sources */,
				BEB610A4244AFC0C000B2294 /* Frameworks */,
				BEB610A5244AFC0C000B2294 /* Resources */,
			);
			buildRules = (
			);
			dependencies = (
			);
			name = GSHexin;
			productName = GSHexin;
			productReference = BEB610A7244AFC0C000B2294 /* GSHexin.app */;
			productType = "com.apple.product-type.application";
		};
		BEB610C1244AFC10000B2294 /* GSHexinTests */ = {
			isa = PBXNativeTarget;
			buildConfigurationList = BEB610D9244AFC10000B2294 /* Build configuration list for PBXNativeTarget "GSHexinTests" */;
			buildPhases = (
				BEB610BE244AFC10000B2294 /* Sources */,
				BEB610BF244AFC10000B2294 /* Frameworks */,
				BEB610C0244AFC10000B2294 /* Resources */,
			);
			buildRules = (
			);
			dependencies = (
				BEB610C4244AFC10000B2294 /* PBXTargetDependency */,
			);
			name = GSHexinTests;
			productName = GSHexinTests;
			productReference = BEB610C2244AFC10000B2294 /* GSHexinTests.xctest */;
			productType = "com.apple.product-type.bundle.unit-test";
		};
		BEB610CC244AFC10000B2294 /* GSHexinUITests */ = {
			isa = PBXNativeTarget;
			buildConfigurationList = BEB610DC244AFC10000B2294 /* Build configuration list for PBXNativeTarget "GSHexinUITests" */;
			buildPhases = (
				BEB610C9244AFC10000B2294 /* Sources */,
				BEB610CA244AFC10000B2294 /* Frameworks */,
				BEB610CB244AFC10000B2294 /* Resources */,
			);
			buildRules = (
			);
			dependencies = (
				BEB610CF244AFC10000B2294 /* PBXTargetDependency */,
			);
			name = GSHexinUITests;
			productName = GSHexinUITests;
			productReference = BEB610CD244AFC10000B2294 /* GSHexinUITests.xctest */;
			productType = "com.apple.product-type.bundle.ui-testing";
		};
/* End PBXNativeTarget section */

/* Begin PBXProject section */
		BEB6109F244AFC0C000B2294 /* Project object */ = {
			isa = PBXProject;
			attributes = {
				LastUpgradeCheck = 1140;
				ORGANIZATIONNAME = "GS Chan";
				TargetAttributes = {
					BEB610A6244AFC0C000B2294 = {
						CreatedOnToolsVersion = 11.4.1;
					};
					BEB610C1244AFC10000B2294 = {
						CreatedOnToolsVersion = 11.4.1;
						TestTargetID = BEB610A6244AFC0C000B2294;
					};
					BEB610CC244AFC10000B2294 = {
						CreatedOnToolsVersion = 11.4.1;
						TestTargetID = BEB610A6244AFC0C000B2294;
					};
				};
			};
			buildConfigurationList = BEB610A2244AFC0C000B2294 /* Build configuration list for PBXProject "GSHexin" */;
			compatibilityVersion = "Xcode 9.3";
			developmentRegion = en;
			hasScannedForEncodings = 0;
			knownRegions = (
				en,
				Base,
			);
			mainGroup = BEB6109E244AFC0C000B2294;
			productRefGroup = BEB610A8244AFC0C000B2294 /* Products */;
			projectDirPath = "";
			projectRoot = "";
			targets = (
				BEB610A6244AFC0C000B2294 /* GSHexin */,
				BEB610C1244AFC10000B2294 /* GSHexinTests */,
				BEB610CC244AFC10000B2294 /* GSHexinUITests */,
			);
		};
/* End PBXProject section */

/* Begin PBXResourcesBuildPhase section */
		BEB610A5244AFC0C000B2294 /* Resources */ = {
			isa = PBXResourcesBuildPhase;
			buildActionMask = 2147483647;
			files = (
				BEB610BA244AFC10000B2294 /* LaunchScreen.storyboard in Resources */,
				BEB610B7244AFC10000B2294 /* Assets.xcassets in Resources */,
				BEB610B5244AFC0C000B2294 /* Main.storyboard in Resources */,
			);
			runOnlyForDeploymentPostprocessing = 0;
		};
		BEB610C0244AFC10000B2294 /* Resources */ = {
			isa = PBXResourcesBuildPhase;
			buildActionMask = 2147483647;
			files = (
			);
			runOnlyForDeploymentPostprocessing = 0;
		};
		BEB610CB244AFC10000B2294 /* Resources */ = {
			isa = PBXResourcesBuildPhase;
			buildActionMask = 2147483647;
			files = (
			);
			runOnlyForDeploymentPostprocessing = 0;
		};
/* End PBXResourcesBuildPhase section */

/* Begin PBXSourcesBuildPhase section */
		BEB610A3244AFC0C000B2294 /* Sources */ = {
			isa = PBXSourcesBuildPhase;
			buildActionMask = 2147483647;
			files = (
				BEB610B2244AFC0C000B2294 /* ViewController.m in Sources */,
				BEB610AC244AFC0C000B2294 /* AppDelegate.m in Sources */,
				BEB610BD244AFC10000B2294 /* main.m in Sources */,
				BEB610AF244AFC0C000B2294 /* SceneDelegate.m in Sources */,
			);
			runOnlyForDeploymentPostprocessing = 0;
		};
		BEB610BE244AFC10000B2294 /* Sources */ = {
			isa = PBXSourcesBuildPhase;
			buildActionMask = 2147483647;
			files = (
				BEB610C7244AFC10000B2294 /* GSHexinTests.m in Sources */,
			);
			runOnlyForDeploymentPostprocessing = 0;
		};
		BEB610C9244AFC10000B2294 /* Sources */ = {
			isa = PBXSourcesBuildPhase;
			buildActionMask = 2147483647;
			files = (
				BEB610D2244AFC10000B2294 /* GSHexinUITests.m in Sources */,
			);
			runOnlyForDeploymentPostprocessing = 0;
		};
/* End PBXSourcesBuildPhase section */

/* Begin PBXTargetDependency section */
		BEB610C4244AFC10000B2294 /* PBXTargetDependency */ = {
			isa = PBXTargetDependency;
			target = BEB610A6244AFC0C000B2294 /* GSHexin */;
			targetProxy = BEB610C3244AFC10000B2294 /* PBXContainerItemProxy */;
		};
		BEB610CF244AFC10000B2294 /* PBXTargetDependency */ = {
			isa = PBXTargetDependency;
			target = BEB610A6244AFC0C000B2294 /* GSHexin */;
			targetProxy = BEB610CE244AFC10000B2294 /* PBXContainerItemProxy */;
		};
/* End PBXTargetDependency section */

/* Begin PBXVariantGroup section */
		BEB610B3244AFC0C000B2294 /* Main.storyboard */ = {
			isa = PBXVariantGroup;
			children = (
				BEB610B4244AFC0C000B2294 /* Base */,
			);
			name = Main.storyboard;
			sourceTree = "<group>";
		};
		BEB610B8244AFC10000B2294 /* LaunchScreen.storyboard */ = {
			isa = PBXVariantGroup;
			children = (
				BEB610B9244AFC10000B2294 /* Base */,
			);
			name = LaunchScreen.storyboard;
			sourceTree = "<group>";
		};
/* End PBXVariantGroup section */

/* Begin XCBuildConfiguration section */
		BEB610D4244AFC10000B2294 /* Debug */ = {
			isa = XCBuildConfiguration;
			buildSettings = {
				ALWAYS_SEARCH_USER_PATHS = NO;
				CLANG_ANALYZER_NONNULL = YES;
				CLANG_ANALYZER_NUMBER_OBJECT_CONVERSION = YES_AGGRESSIVE;
				CLANG_CXX_LANGUAGE_STANDARD = "gnu++14";
				CLANG_CXX_LIBRARY = "libc++";
				CLANG_ENABLE_MODULES = YES;
				CLANG_ENABLE_OBJC_ARC = YES;
				CLANG_ENABLE_OBJC_WEAK = YES;
				CLANG_WARN_BLOCK_CAPTURE_AUTORELEASING = YES;
				CLANG_WARN_BOOL_CONVERSION = YES;
				CLANG_WARN_COMMA = YES;
				CLANG_WARN_CONSTANT_CONVERSION = YES;
				CLANG_WARN_DEPRECATED_OBJC_IMPLEMENTATIONS = YES;
				CLANG_WARN_DIRECT_OBJC_ISA_USAGE = YES_ERROR;
				CLANG_WARN_DOCUMENTATION_COMMENTS = YES;
				CLANG_WARN_EMPTY_BODY = YES;
				CLANG_WARN_ENUM_CONVERSION = YES;
				CLANG_WARN_INFINITE_RECURSION = YES;
				CLANG_WARN_INT_CONVERSION = YES;
				CLANG_WARN_NON_LITERAL_NULL_CONVERSION = YES;
				CLANG_WARN_OBJC_IMPLICIT_RETAIN_SELF = YES;
				CLANG_WARN_OBJC_LITERAL_CONVERSION = YES;
				CLANG_WARN_OBJC_ROOT_CLASS = YES_ERROR;
				CLANG_WARN_RANGE_LOOP_ANALYSIS = YES;
				CLANG_WARN_STRICT_PROTOTYPES = YES;
				CLANG_WARN_SUSPICIOUS_MOVE = YES;
				CLANG_WARN_UNGUARDED_AVAILABILITY = YES_AGGRESSIVE;
				CLANG_WARN_UNREACHABLE_CODE = YES;
				CLANG_WARN__DUPLICATE_METHOD_MATCH = YES;
				COPY_PHASE_STRIP = NO;
				DEBUG_INFORMATION_FORMAT = dwarf;
				ENABLE_STRICT_OBJC_MSGSEND = YES;
				ENABLE_TESTABILITY = YES;
				GCC_C_LANGUAGE_STANDARD = gnu11;
				GCC_DYNAMIC_NO_PIC = NO;
				GCC_NO_COMMON_BLOCKS = YES;
				GCC_OPTIMIZATION_LEVEL = 0;
				GCC_PREPROCESSOR_DEFINITIONS = (
					"DEBUG=1",
					"$(inherited)",
				);
				GCC_WARN_64_TO_32_BIT_CONVERSION = YES;
				GCC_WARN_ABOUT_RETURN_TYPE = YES_ERROR;
				GCC_WARN_UNDECLARED_SELECTOR = YES;
				GCC_WARN_UNINITIALIZED_AUTOS = YES_AGGRESSIVE;
				GCC_WARN_UNUSED_FUNCTION = YES;
				GCC_WARN_UNUSED_VARIABLE = YES;
				IPHONEOS_DEPLOYMENT_TARGET = 13.4;
				MTL_ENABLE_DEBUG_INFO = INCLUDE_SOURCE;
				MTL_FAST_MATH = YES;
				ONLY_ACTIVE_ARCH = YES;
				SDKROOT = iphoneos;
			};
			name = Debug;
		};
		BEB610D5244AFC10000B2294 /* Release */ = {
			isa = XCBuildConfiguration;
			buildSettings = {
				ALWAYS_SEARCH_USER_PATHS = NO;
				CLANG_ANALYZER_NONNULL = YES;
				CLANG_ANALYZER_NUMBER_OBJECT_CONVERSION = YES_AGGRESSIVE;
				CLANG_CXX_LANGUAGE_STANDARD = "gnu++14";
				CLANG_CXX_LIBRARY = "libc++";
				CLANG_ENABLE_MODULES = YES;
				CLANG_ENABLE_OBJC_ARC = YES;
				CLANG_ENABLE_OBJC_WEAK = YES;
				CLANG_WARN_BLOCK_CAPTURE_AUTORELEASING = YES;
				CLANG_WARN_BOOL_CONVERSION = YES;
				CLANG_WARN_COMMA = YES;
				CLANG_WARN_CONSTANT_CONVERSION = YES;
				CLANG_WARN_DEPRECATED_OBJC_IMPLEMENTATIONS = YES;
				CLANG_WARN_DIRECT_OBJC_ISA_USAGE = YES_ERROR;
				CLANG_WARN_DOCUMENTATION_COMMENTS = YES;
				CLANG_WARN_EMPTY_BODY = YES;
				CLANG_WARN_ENUM_CONVERSION = YES;
				CLANG_WARN_INFINITE_RECURSION = YES;
				CLANG_WARN_INT_CONVERSION = YES;
				CLANG_WARN_NON_LITERAL_NULL_CONVERSION = YES;
				CLANG_WARN_OBJC_IMPLICIT_RETAIN_SELF = YES;
				CLANG_WARN_OBJC_LITERAL_CONVERSION = YES;
				CLANG_WARN_OBJC_ROOT_CLASS = YES_ERROR;
				CLANG_WARN_RANGE_LOOP_ANALYSIS = YES;
				CLANG_WARN_STRICT_PROTOTYPES = YES;
				CLANG_WARN_SUSPICIOUS_MOVE = YES;
				CLANG_WARN_UNGUARDED_AVAILABILITY = YES_AGGRESSIVE;
				CLANG_WARN_UNREACHABLE_CODE = YES;
				CLANG_WARN__DUPLICATE_METHOD_MATCH = YES;
				COPY_PHASE_STRIP = NO;
				DEBUG_INFORMATION_FORMAT = "dwarf-with-dsym";
				ENABLE_NS_ASSERTIONS = NO;
				ENABLE_STRICT_OBJC_MSGSEND = YES;
				GCC_C_LANGUAGE_STANDARD = gnu11;
				GCC_NO_COMMON_BLOCKS = YES;
				GCC_WARN_64_TO_32_BIT_CONVERSION = YES;
				GCC_WARN_ABOUT_RETURN_TYPE = YES_ERROR;
				GCC_WARN_UNDECLARED_SELECTOR = YES;
				GCC_WARN_UNINITIALIZED_AUTOS = YES_AGGRESSIVE;
				GCC_WARN_UNUSED_FUNCTION = YES;
				GCC_WARN_UNUSED_VARIABLE = YES;
				IPHONEOS_DEPLOYMENT_TARGET = 13.4;
				MTL_ENABLE_DEBUG_INFO = NO;
				MTL_FAST_MATH = YES;
				SDKROOT = iphoneos;
				VALIDATE_PRODUCT = YES;
			};
			name = Release;
		};
		BEB610D7244AFC10000B2294 /* Debug */ = {
			isa = XCBuildConfiguration;
			buildSettings = {
				ASSETCATALOG_COMPILER_APPICON_NAME = AppIcon;
				CODE_SIGN_STYLE = Automatic;
				DEVELOPMENT_TEAM = KBXX3Y5QS2;
				INFOPLIST_FILE = GSHexin/Info.plist;
				LD_RUNPATH_SEARCH_PATHS = (
					"$(inherited)",
					"@executable_path/Frameworks",
				);
				PRODUCT_BUNDLE_IDENTIFIER = com.gschan.GSHexin;
				PRODUCT_NAME = "$(TARGET_NAME)";
				TARGETED_DEVICE_FAMILY = "1,2";
			};
			name = Debug;
		};
		BEB610D8244AFC10000B2294 /* Release */ = {
			isa = XCBuildConfiguration;
			buildSettings = {
				ASSETCATALOG_COMPILER_APPICON_NAME = AppIcon;
				CODE_SIGN_STYLE = Automatic;
				DEVELOPMENT_TEAM = KBXX3Y5QS2;
				INFOPLIST_FILE = GSHexin/Info.plist;
				LD_RUNPATH_SEARCH_PATHS = (
					"$(inherited)",
					"@executable_path/Frameworks",
				);
				PRODUCT_BUNDLE_IDENTIFIER = com.gschan.GSHexin;
				PRODUCT_NAME = "$(TARGET_NAME)";
				TARGETED_DEVICE_FAMILY = "1,2";
			};
			name = Release;
		};
		BEB610DA244AFC10000B2294 /* Debug */ = {
			isa = XCBuildConfiguration;
			buildSettings = {
				BUNDLE_LOADER = "$(TEST_HOST)";
				CODE_SIGN_STYLE = Automatic;
				DEVELOPMENT_TEAM = KBXX3Y5QS2;
				INFOPLIST_FILE = GSHexinTests/Info.plist;
				IPHONEOS_DEPLOYMENT_TARGET = 13.4;
				LD_RUNPATH_SEARCH_PATHS = (
					"$(inherited)",
					"@executable_path/Frameworks",
					"@loader_path/Frameworks",
				);
				PRODUCT_BUNDLE_IDENTIFIER = com.gschan.GSHexinTests;
				PRODUCT_NAME = "$(TARGET_NAME)";
				TARGETED_DEVICE_FAMILY = "1,2";
				TEST_HOST = "$(BUILT_PRODUCTS_DIR)/GSHexin.app/GSHexin";
			};
			name = Debug;
		};
		BEB610DB244AFC10000B2294 /* Release */ = {
			isa = XCBuildConfiguration;
			buildSettings = {
				BUNDLE_LOADER = "$(TEST_HOST)";
				CODE_SIGN_STYLE = Automatic;
				DEVELOPMENT_TEAM = KBXX3Y5QS2;
				INFOPLIST_FILE = GSHexinTests/Info.plist;
				IPHONEOS_DEPLOYMENT_TARGET = 13.4;
				LD_RUNPATH_SEARCH_PATHS = (
					"$(inherited)",
					"@executable_path/Frameworks",
					"@loader_path/Frameworks",
				);
				PRODUCT_BUNDLE_IDENTIFIER = com.gschan.GSHexinTests;
				PRODUCT_NAME = "$(TARGET_NAME)";
				TARGETED_DEVICE_FAMILY = "1,2";
				TEST_HOST = "$(BUILT_PRODUCTS_DIR)/GSHexin.app/GSHexin";
			};
			name = Release;
		};
		BEB610DD244AFC10000B2294 /* Debug */ = {
			isa = XCBuildConfiguration;
			buildSettings = {
				CODE_SIGN_STYLE = Automatic;
				DEVELOPMENT_TEAM = KBXX3Y5QS2;
				INFOPLIST_FILE = GSHexinUITests/Info.plist;
				LD_RUNPATH_SEARCH_PATHS = (
					"$(inherited)",
					"@executable_path/Frameworks",
					"@loader_path/Frameworks",
				);
				PRODUCT_BUNDLE_IDENTIFIER = com.gschan.GSHexinUITests;
				PRODUCT_NAME = "$(TARGET_NAME)";
				TARGETED_DEVICE_FAMILY = "1,2";
				TEST_TARGET_NAME = GSHexin;
			};
			name = Debug;
		};
		BEB610DE244AFC10000B2294 /* Release */ = {
			isa = XCBuildConfiguration;
			buildSettings = {
				CODE_SIGN_STYLE = Automatic;
				DEVELOPMENT_TEAM = KBXX3Y5QS2;
				INFOPLIST_FILE = GSHexinUITests/Info.plist;
				LD_RUNPATH_SEARCH_PATHS = (
					"$(inherited)",
					"@executable_path/Frameworks",
					"@loader_path/Frameworks",
				);
				PRODUCT_BUNDLE_IDENTIFIER = com.gschan.GSHexinUITests;
				PRODUCT_NAME = "$(TARGET_NAME)";
				TARGETED_DEVICE_FAMILY = "1,2";
				TEST_TARGET_NAME = GSHexin;
			};
			name = Release;
		};
/* End XCBuildConfiguration section */

/* Begin XCConfigurationList section */
		BEB610A2244AFC0C000B2294 /* Build configuration list for PBXProject "GSHexin" */ = {
			isa = XCConfigurationList;
			buildConfigurations = (
				BEB610D4244AFC10000B2294 /* Debug */,
				BEB610D5244AFC10000B2294 /* Release */,
			);
			defaultConfigurationIsVisible = 0;
			defaultConfigurationName = Release;
		};
		BEB610D6244AFC10000B2294 /* Build configuration list for PBXNativeTarget "GSHexin" */ = {
			isa = XCConfigurationList;
			buildConfigurations = (
				BEB610D7244AFC10000B2294 /* Debug */,
				BEB610D8244AFC10000B2294 /* Release */,
			);
			defaultConfigurationIsVisible = 0;
			defaultConfigurationName = Release;
		};
		BEB610D9244AFC10000B2294 /* Build configuration list for PBXNativeTarget "GSHexinTests" */ = {
			isa = XCConfigurationList;
			buildConfigurations = (
				BEB610DA244AFC10000B2294 /* Debug */,
				BEB610DB244AFC10000B2294 /* Release */,
			);
			defaultConfigurationIsVisible = 0;
			defaultConfigurationName = Release;
		};
		BEB610DC244AFC10000B2294 /* Build configuration list for PBXNativeTarget "GSHexinUITests" */ = {
			isa = XCConfigurationList;
			buildConfigurations = (
				BEB610DD244AFC10000B2294 /* Debug */,
				BEB610DE244AFC10000B2294 /* Release */,
			);
			defaultConfigurationIsVisible = 0;
			defaultConfigurationName = Release;
		};
/* End XCConfigurationList section */
	};
	rootObject = BEB6109F244AFC0C000B2294 /* Project object */;
}
